
Microsoft Visual Studio Solution File, Format Version 12.00
# Visual Studio Version 17
VisualStudioVersion = 17.0.32126.317
MinimumVisualStudioVersion = 10.0.40219.1
Project("{FAE04EC0-301F-11D3-BF4B-00C04F79EFBC}") = "ProductosTracking", "ProductosTracking.csproj", "{9CFC4AF2-1CC5-4423-AC40-11169B898638}"
EndProject
Project("{FAE04EC0-301F-11D3-BF4B-00C04F79EFBC}") = "BLL", "..\BLL\BLL.csproj", "{A92AE1CE-EFA8-4C7A-AC0D-A076EFCD724E}"
EndProject
Project("{FAE04EC0-301F-11D3-BF4B-00C04F79EFBC}") = "DAL", "..\DAL\DAL.csproj", "{B9A3835F-D917-479F-9100-1BB02723AC0A}"
EndProject
Project("{FAE04EC0-301F-11D3-BF4B-00C04F79EFBC}") = "DTO", "..\DTO\DTO.csproj", "{E60A2F38-202C-45E3-86F0-7FE469AE50AA}"
EndProject
Global
	GlobalSection(SolutionConfigurationPlatforms) = preSolution
		Debug|Any CPU = Debug|Any CPU
		Release|Any CPU = Release|Any CPU
	EndGlobalSection
	GlobalSection(ProjectConfigurationPlatforms) = postSolution
		{9CFC4AF2-1CC5-4423-AC40-11169B898638}.Debug|Any CPU.ActiveCfg = Debug|Any CPU
		{9CFC4AF2-1CC5-4423-AC40-11169B898638}.Debug|Any CPU.Build.0 = Debug|Any CPU
		{9CFC4AF2-1CC5-4423-AC40-11169B898638}.Release|Any CPU.ActiveCfg = Release|Any CPU
		{9CFC4AF2-1CC5-4423-AC40-11169B898638}.Release|Any CPU.Build.0 = Release|Any CPU
		{A92AE1CE-EFA8-4C7A-AC0D-A076EFCD724E}.Debug|Any CPU.ActiveCfg = Debug|Any CPU
		{A92AE1CE-EFA8-4C7A-AC0D-A076EFCD724E}.Debug|Any CPU.Build.0 = Debug|Any CPU
		{A92AE1CE-EFA8-4C7A-AC0D-A076EFCD724E}.Release|Any CPU.ActiveCfg = Release|Any CPU
		{A92AE1CE-EFA8-4C7A-AC0D-A076EFCD724E}.Release|Any CPU.Build.0 = Release|Any CPU
		{B9A3835F-D917-479F-9100-1BB02723AC0A}.Debug|Any CPU.ActiveCfg = Debug|Any CPU
		{B9A3835F-D917-479F-9100-1BB02723AC0A}.Debug|Any CPU.Build.0 = Debug|Any CPU
		{B9A3835F-D917-479F-9100-1BB02723AC0A}.Release|Any CPU.ActiveCfg = Release|Any CPU
		{B9A3835F-D917-479F-9100-1BB02723AC0A}.Release|Any CPU.Build.0 = Release|Any CPU
		{E60A2F38-202C-45E3-86F0-7FE469AE50AA}.Debug|Any CPU.ActiveCfg = Debug|Any CPU
		{E60A2F38-202C-45E3-86F0-7FE469AE50AA}.Debug|Any CPU.Build.0 = Debug|Any CPU
		{E60A2F38-202C-45E3-86F0-7FE469AE50AA}.Release|Any CPU.ActiveCfg = Release|Any CPU
		{E60A2F38-202C-45E3-86F0-7FE469AE50AA}.Release|Any CPU.Build.0 = Release|Any CPU
	EndGlobalSection
	GlobalSection(SolutionProperties) = preSolution
		HideSolutionNode = FALSE
	EndGlobalSection
	GlobalSection(ExtensibilityGlobals) = postSolution
		SolutionGuid = {9ED1851C-DEB8-4F60-BC27-2CEA4A11C97D}
	EndGlobalSection
EndGlobal
